
Microsoft Visual Studio Solution File, Format Version 12.00
# Visual Studio Version 16
VisualStudioVersion = 16.0.29230.61
MinimumVisualStudioVersion = 10.0.40219.1
Project("{FAE04EC0-301F-11D3-BF4B-00C04F79EFBC}") = "Athena", "Athena\Athena.csproj", "{238828FD-D228-4924-8BF8-DFE266EC3B1C}"
EndProject
Global
	GlobalSection(SolutionConfigurationPlatforms) = preSolution
		Debug|Any CPU = Debug|Any CPU
		Release|Any CPU = Release|Any CPU
	EndGlobalSection
	GlobalSection(ProjectConfigurationPlatforms) = postSolution
		{238828FD-D228-4924-8BF8-DFE266EC3B1C}.Debug|Any CPU.ActiveCfg = Debug|Any CPU
		{238828FD-D228-4924-8BF8-DFE266EC3B1C}.Debug|Any CPU.Build.0 = Debug|Any CPU
		{238828FD-D228-4924-8BF8-DFE266EC3B1C}.Release|Any CPU.ActiveCfg = Release|Any CPU
		{238828FD-D228-4924-8BF8-DFE266EC3B1C}.Release|Any CPU.Build.0 = Release|Any CPU
	EndGlobalSection
	GlobalSection(SolutionProperties) = preSolution
		HideSolutionNode = FALSE
	EndGlobalSection
	GlobalSection(ExtensibilityGlobals) = postSolution
		SolutionGuid = {A0392F4B-D071-4AB7-A8CF-DE74DC2A8DB3}
	EndGlobalSection
EndGlobal
